
Microsoft Visual Studio Solution File, Format Version 12.00
# Visual Studio Version 17
VisualStudioVersion = 17.3.32922.545
MinimumVisualStudioVersion = 10.0.40219.1
Project("{FAE04EC0-301F-11D3-BF4B-00C04F79EFBC}") = "Individual Assignment 4", "Individual Assignment 4\Individual Assignment 4.csproj", "{646AA156-9FB3-4CAA-B9B6-B72069D56B5F}"
EndProject
Global
	GlobalSection(SolutionConfigurationPlatforms) = preSolution
		Debug|Any CPU = Debug|Any CPU
		Release|Any CPU = Release|Any CPU
	EndGlobalSection
	GlobalSection(ProjectConfigurationPlatforms) = postSolution
		{646AA156-9FB3-4CAA-B9B6-B72069D56B5F}.Debug|Any CPU.ActiveCfg = Debug|Any CPU
		{646AA156-9FB3-4CAA-B9B6-B72069D56B5F}.Debug|Any CPU.Build.0 = Debug|Any CPU
		{646AA156-9FB3-4CAA-B9B6-B72069D56B5F}.Release|Any CPU.ActiveCfg = Release|Any CPU
		{646AA156-9FB3-4CAA-B9B6-B72069D56B5F}.Release|Any CPU.Build.0 = Release|Any CPU
	EndGlobalSection
	GlobalSection(SolutionProperties) = preSolution
		HideSolutionNode = FALSE
	EndGlobalSection
	GlobalSection(ExtensibilityGlobals) = postSolution
		SolutionGuid = {38842A9C-F8CC-42F0-8A5B-E0D7363F2290}
	EndGlobalSection
EndGlobal
